
Microsoft Visual Studio Solution File, Format Version 12.00
# Visual Studio Version 17
VisualStudioVersion = 17.12.35527.113
MinimumVisualStudioVersion = 10.0.40219.1
Project("{FAE04EC0-301F-11D3-BF4B-00C04F79EFBC}") = "ConsolApp_001", "ConsolApp_001\ConsolApp_001.csproj", "{EB69E969-7AA3-4AFB-B522-1F04BCC58841}"
EndProject
Project("{FAE04EC0-301F-11D3-BF4B-00C04F79EFBC}") = "Calculator", "Calculator\Calculator.csproj", "{83B7C331-094F-4432-9747-4B522425059A}"
EndProject
Project("{FAE04EC0-301F-11D3-BF4B-00C04F79EFBC}") = "rectangle", "rectangle\rectangle.csproj", "{FFBA91DC-357C-42A0-BBAC-7EA3237E706F}"
EndProject
Global
	GlobalSection(SolutionConfigurationPlatforms) = preSolution
		Debug|Any CPU = Debug|Any CPU
		Release|Any CPU = Release|Any CPU
	EndGlobalSection
	GlobalSection(ProjectConfigurationPlatforms) = postSolution
		{EB69E969-7AA3-4AFB-B522-1F04BCC58841}.Debug|Any CPU.ActiveCfg = Debug|Any CPU
		{EB69E969-7AA3-4AFB-B522-1F04BCC58841}.Debug|Any CPU.Build.0 = Debug|Any CPU
		{EB69E969-7AA3-4AFB-B522-1F04BCC58841}.Release|Any CPU.ActiveCfg = Release|Any CPU
		{EB69E969-7AA3-4AFB-B522-1F04BCC58841}.Release|Any CPU.Build.0 = Release|Any CPU
		{83B7C331-094F-4432-9747-4B522425059A}.Debug|Any CPU.ActiveCfg = Debug|Any CPU
		{83B7C331-094F-4432-9747-4B522425059A}.Debug|Any CPU.Build.0 = Debug|Any CPU
		{83B7C331-094F-4432-9747-4B522425059A}.Release|Any CPU.ActiveCfg = Release|Any CPU
		{83B7C331-094F-4432-9747-4B522425059A}.Release|Any CPU.Build.0 = Release|Any CPU
		{FFBA91DC-357C-42A0-BBAC-7EA3237E706F}.Debug|Any CPU.ActiveCfg = Debug|Any CPU
		{FFBA91DC-357C-42A0-BBAC-7EA3237E706F}.Debug|Any CPU.Build.0 = Debug|Any CPU
		{FFBA91DC-357C-42A0-BBAC-7EA3237E706F}.Release|Any CPU.ActiveCfg = Release|Any CPU
		{FFBA91DC-357C-42A0-BBAC-7EA3237E706F}.Release|Any CPU.Build.0 = Release|Any CPU
	EndGlobalSection
	GlobalSection(SolutionProperties) = preSolution
		HideSolutionNode = FALSE
	EndGlobalSection
EndGlobal
